
Microsoft Visual Studio Solution File, Format Version 12.00
# Visual Studio Version 17
VisualStudioVersion = 17.7.34024.191
MinimumVisualStudioVersion = 10.0.40219.1
Project("{FAE04EC0-301F-11D3-BF4B-00C04F79EFBC}") = "L1NMVR1140023", "L1NMVR1140023\L1NMVR1140023.csproj", "{B266004E-E26D-4789-979B-C5CCE48E55CA}"
EndProject
Global
	GlobalSection(SolutionConfigurationPlatforms) = preSolution
		Debug|Any CPU = Debug|Any CPU
		Release|Any CPU = Release|Any CPU
	EndGlobalSection
	GlobalSection(ProjectConfigurationPlatforms) = postSolution
		{B266004E-E26D-4789-979B-C5CCE48E55CA}.Debug|Any CPU.ActiveCfg = Debug|Any CPU
		{B266004E-E26D-4789-979B-C5CCE48E55CA}.Debug|Any CPU.Build.0 = Debug|Any CPU
		{B266004E-E26D-4789-979B-C5CCE48E55CA}.Release|Any CPU.ActiveCfg = Release|Any CPU
		{B266004E-E26D-4789-979B-C5CCE48E55CA}.Release|Any CPU.Build.0 = Release|Any CPU
	EndGlobalSection
	GlobalSection(SolutionProperties) = preSolution
		HideSolutionNode = FALSE
	EndGlobalSection
	GlobalSection(ExtensibilityGlobals) = postSolution
		SolutionGuid = {99C92016-B13A-4DE0-8264-DAA2082B99B8}
	EndGlobalSection
EndGlobal
